
Microsoft Visual Studio Solution File, Format Version 12.00
Project("{FAE04EC0-301F-11D3-BF4B-00C04F79EFBC}") = "AdoKt07Booking", "AdoKt07Booking\AdoKt07Booking.csproj", "{DFC80B05-EDED-4588-A0B7-34511467E918}"
EndProject
Project("{FAE04EC0-301F-11D3-BF4B-00C04F79EFBC}") = "AdoKt07Booking.Tests", "AdoKt07Booking.Tests\AdoKt07Booking.Tests.csproj", "{286A0446-22A9-4B50-906C-2FD0900D0A76}"
EndProject
Global
	GlobalSection(SolutionConfigurationPlatforms) = preSolution
		Debug|Any CPU = Debug|Any CPU
		Release|Any CPU = Release|Any CPU
	EndGlobalSection
	GlobalSection(ProjectConfigurationPlatforms) = postSolution
		{DFC80B05-EDED-4588-A0B7-34511467E918}.Debug|Any CPU.ActiveCfg = Debug|Any CPU
		{DFC80B05-EDED-4588-A0B7-34511467E918}.Debug|Any CPU.Build.0 = Debug|Any CPU
		{DFC80B05-EDED-4588-A0B7-34511467E918}.Release|Any CPU.ActiveCfg = Release|Any CPU
		{DFC80B05-EDED-4588-A0B7-34511467E918}.Release|Any CPU.Build.0 = Release|Any CPU
		{286A0446-22A9-4B50-906C-2FD0900D0A76}.Debug|Any CPU.ActiveCfg = Debug|Any CPU
		{286A0446-22A9-4B50-906C-2FD0900D0A76}.Debug|Any CPU.Build.0 = Debug|Any CPU
		{286A0446-22A9-4B50-906C-2FD0900D0A76}.Release|Any CPU.ActiveCfg = Release|Any CPU
		{286A0446-22A9-4B50-906C-2FD0900D0A76}.Release|Any CPU.Build.0 = Release|Any CPU
	EndGlobalSection
EndGlobal
